// !$*UTF8*$!
{
	archiveVersion = 1;
	classes = {
	};
	objectVersion = 48;
	objects = {

/* Begin PBXBuildFile section */
		40357AE91FB887680083561A /* BigInteger.framework in Frameworks */ = {isa = PBXBuildFile; fileRef = 40357ADF1FB887670083561A /* BigInteger.framework */; };
		40357AEE1FB887680083561A /* BigIntegerInitTests.swift in Sources */ = {isa = PBXBuildFile; fileRef = 40357AED1FB887680083561A /* BigIntegerInitTests.swift */; };
		40357AFB1FB887D60083561A /* BigInteger.swift in Sources */ = {isa = PBXBuildFile; fileRef = 40357AFA1FB887D60083561A /* BigInteger.swift */; };
		40357AFF1FB88B400083561A /* BigInteger+Equatable.swift in Sources */ = {isa = PBXBuildFile; fileRef = 40357AFE1FB88B400083561A /* BigInteger+Equatable.swift */; };
		40357B031FB88C660083561A /* BigInteger+Comparable.swift in Sources */ = {isa = PBXBuildFile; fileRef = 40357B021FB88C660083561A /* BigInteger+Comparable.swift */; };
		40357B0C1FB88E430083561A /* BigInteger+CustomStringConvertible.swift in Sources */ = {isa = PBXBuildFile; fileRef = 40357B0B1FB88E430083561A /* BigInteger+CustomStringConvertible.swift */; };
		40491CCD1FC4BECC00BB8087 /* ArrayExtensions.swift in Sources */ = {isa = PBXBuildFile; fileRef = 40491CCC1FC4BECC00BB8087 /* ArrayExtensions.swift */; };
		40491CCF1FC4C2D800BB8087 /* ArrayExtensionTests.swift in Sources */ = {isa = PBXBuildFile; fileRef = 40491CCE1FC4C2D800BB8087 /* ArrayExtensionTests.swift */; };
		40491CD21FC4CCCC00BB8087 /* StringExtensions.swift in Sources */ = {isa = PBXBuildFile; fileRef = 40491CD11FC4CCCC00BB8087 /* StringExtensions.swift */; };
		40491CD61FC4E22500BB8087 /* BigInteger+Addition.swift in Sources */ = {isa = PBXBuildFile; fileRef = 40491CD51FC4E22500BB8087 /* BigInteger+Addition.swift */; };
		40491CD81FC4E23500BB8087 /* BigInteger+Subtraction.swift in Sources */ = {isa = PBXBuildFile; fileRef = 40491CD71FC4E23500BB8087 /* BigInteger+Subtraction.swift */; };
		40491CDA1FC4E24A00BB8087 /* BigInteger+Multiplication.swift in Sources */ = {isa = PBXBuildFile; fileRef = 40491CD91FC4E24A00BB8087 /* BigInteger+Multiplication.swift */; };
		40840EFB200667A30031752D /* BigInteger.framework in Frameworks */ = {isa = PBXBuildFile; fileRef = 40840EF2200667A30031752D /* BigInteger.framework */; };
		40840F0D200667EF0031752D /* BigInteger.swift in Sources */ = {isa = PBXBuildFile; fileRef = 40357AFA1FB887D60083561A /* BigInteger.swift */; };
		40840F0E200667EF0031752D /* BigInteger+CustomStringConvertible.swift in Sources */ = {isa = PBXBuildFile; fileRef = 40357B0B1FB88E430083561A /* BigInteger+CustomStringConvertible.swift */; };
		40840F0F200667EF0031752D /* BigInteger+Hashable.swift in Sources */ = {isa = PBXBuildFile; fileRef = 40DBDE801FCDFA1500FE1594 /* BigInteger+Hashable.swift */; };
		40840F10200667F50031752D /* BinaryIntegerExtension.swift in Sources */ = {isa = PBXBuildFile; fileRef = 409073171FB9EAA900BFABE7 /* BinaryIntegerExtension.swift */; };
		40840F11200667F50031752D /* ArrayExtensions.swift in Sources */ = {isa = PBXBuildFile; fileRef = 40491CCC1FC4BECC00BB8087 /* ArrayExtensions.swift */; };
		40840F12200667F50031752D /* StringExtensions.swift in Sources */ = {isa = PBXBuildFile; fileRef = 40491CD11FC4CCCC00BB8087 /* StringExtensions.swift */; };
		40840F13200667FB0031752D /* BigInteger+Addition.swift in Sources */ = {isa = PBXBuildFile; fileRef = 40491CD51FC4E22500BB8087 /* BigInteger+Addition.swift */; };
		40840F14200667FB0031752D /* BigInteger+Subtraction.swift in Sources */ = {isa = PBXBuildFile; fileRef = 40491CD71FC4E23500BB8087 /* BigInteger+Subtraction.swift */; };
		40840F15200667FB0031752D /* BigInteger+Multiplication.swift in Sources */ = {isa = PBXBuildFile; fileRef = 40491CD91FC4E24A00BB8087 /* BigInteger+Multiplication.swift */; };
		40840F16200667FB0031752D /* BigInteger+Division.swift in Sources */ = {isa = PBXBuildFile; fileRef = 4092A2861FE2897E001C0C71 /* BigInteger+Division.swift */; };
		40840F17200667FB0031752D /* BigInteger+Reminder.swift in Sources */ = {isa = PBXBuildFile; fileRef = 409411E91FE98AF300CB1566 /* BigInteger+Reminder.swift */; };
		40840F18200668010031752D /* BigInteger+Comparable.swift in Sources */ = {isa = PBXBuildFile; fileRef = 40357B021FB88C660083561A /* BigInteger+Comparable.swift */; };
		40840F19200668010031752D /* BigInteger+ComparableInt.swift in Sources */ = {isa = PBXBuildFile; fileRef = 40DBDE751FCDED8100FE1594 /* BigInteger+ComparableInt.swift */; };
		40840F1A200668010031752D /* BigInteger+Equatable.swift in Sources */ = {isa = PBXBuildFile; fileRef = 40357AFE1FB88B400083561A /* BigInteger+Equatable.swift */; };
		40840F1B200668010031752D /* BigInteger+EquatableInt.swift in Sources */ = {isa = PBXBuildFile; fileRef = 40DBDE7A1FCDEFBB00FE1594 /* BigInteger+EquatableInt.swift */; };
		40840F1C200668010031752D /* BigInteger+NotEquatableInt.swift in Sources */ = {isa = PBXBuildFile; fileRef = 40DBDE7C1FCDEFF100FE1594 /* BigInteger+NotEquatableInt.swift */; };
		40840F1D200668060031752D /* BigInteger+Power.swift in Sources */ = {isa = PBXBuildFile; fileRef = 4092A2581FE15F17001C0C71 /* BigInteger+Power.swift */; };
		40840F1E200668060031752D /* Backbase+Negation.swift in Sources */ = {isa = PBXBuildFile; fileRef = 4092A25F1FE16DA2001C0C71 /* Backbase+Negation.swift */; };
		40840F1F200668060031752D /* BigInteger+Ads.swift in Sources */ = {isa = PBXBuildFile; fileRef = 4092A29F1FE7BD7D001C0C71 /* BigInteger+Ads.swift */; };
		40840F24200668470031752D /* BigIntegerMathPowerTests.swift in Sources */ = {isa = PBXBuildFile; fileRef = 4092A25B1FE160CB001C0C71 /* BigIntegerMathPowerTests.swift */; };
		40840F25200668470031752D /* BigIntegerMathNegationTests.swift in Sources */ = {isa = PBXBuildFile; fileRef = 4092A26E1FE17A44001C0C71 /* BigIntegerMathNegationTests.swift */; };
		40840F26200668470031752D /* BigIntegerMathAbs.swift in Sources */ = {isa = PBXBuildFile; fileRef = 409412041FEA675800CB1566 /* BigIntegerMathAbs.swift */; };
		40840F272006684B0031752D /* BigIntegerEquillityWithIntegerTypesTests.swift in Sources */ = {isa = PBXBuildFile; fileRef = 4092A26C1FE17918001C0C71 /* BigIntegerEquillityWithIntegerTypesTests.swift */; };
		40840F282006684B0031752D /* BigIntegerCompareWithIntegerTypesTests.swift in Sources */ = {isa = PBXBuildFile; fileRef = 40DBDE721FCDC50F00FE1594 /* BigIntegerCompareWithIntegerTypesTests.swift */; };
		40840F292006684B0031752D /* BigIntegerCompareTests.swift in Sources */ = {isa = PBXBuildFile; fileRef = 409073221FBC9B0C00BFABE7 /* BigIntegerCompareTests.swift */; };
		40840F2A2006684B0031752D /* BigIntegerEquilityTests.swift in Sources */ = {isa = PBXBuildFile; fileRef = 4092A26A1FE1788A001C0C71 /* BigIntegerEquilityTests.swift */; };
		40840F2B2006684B0031752D /* BigIntegerCompareBasicValuesTests.swift in Sources */ = {isa = PBXBuildFile; fileRef = 4092A28F1FE31206001C0C71 /* BigIntegerCompareBasicValuesTests.swift */; };
		40840F2C2006684B0031752D /* BigIntegerEquilityBasicValues.swift in Sources */ = {isa = PBXBuildFile; fileRef = 4092A29D1FE330D3001C0C71 /* BigIntegerEquilityBasicValues.swift */; };
		40840F2D2006684F0031752D /* BigIntegerAdditionInt64Tests.swift in Sources */ = {isa = PBXBuildFile; fileRef = 4092A2621FE17199001C0C71 /* BigIntegerAdditionInt64Tests.swift */; };
		40840F2E2006684F0031752D /* BigIntegerAdditionUInt64Tests.swift in Sources */ = {isa = PBXBuildFile; fileRef = 4092A2631FE17199001C0C71 /* BigIntegerAdditionUInt64Tests.swift */; };
		40840F2F2006684F0031752D /* BigIntegerAdditionTests.swift in Sources */ = {isa = PBXBuildFile; fileRef = 4090731E1FBC802E00BFABE7 /* BigIntegerAdditionTests.swift */; };
		40840F302006684F0031752D /* BigIntegerAdditionIntTests.swift in Sources */ = {isa = PBXBuildFile; fileRef = 4092A2491FE02F2E001C0C71 /* BigIntegerAdditionIntTests.swift */; };
		40840F312006684F0031752D /* BigIntegerAdditionUIntTests.swift in Sources */ = {isa = PBXBuildFile; fileRef = 4092A24B1FE03061001C0C71 /* BigIntegerAdditionUIntTests.swift */; };
		40840F322006684F0031752D /* BigIntegerAdditionBasicValuesTests.swift in Sources */ = {isa = PBXBuildFile; fileRef = 4092A2931FE3146F001C0C71 /* BigIntegerAdditionBasicValuesTests.swift */; };
		40840F33200668520031752D /* BigIntegerSubtractionTests.swift in Sources */ = {isa = PBXBuildFile; fileRef = 40DBDE831FCDFCFE00FE1594 /* BigIntegerSubtractionTests.swift */; };
		40840F34200668520031752D /* BigIntegerSubtractionIntTests.swift in Sources */ = {isa = PBXBuildFile; fileRef = 40DBDE851FCDFD2500FE1594 /* BigIntegerSubtractionIntTests.swift */; };
		40840F35200668520031752D /* BigIntegerSubtractionUIntTests.swift in Sources */ = {isa = PBXBuildFile; fileRef = 4092A2511FE15587001C0C71 /* BigIntegerSubtractionUIntTests.swift */; };
		40840F36200668520031752D /* BigIntegerSubtractionUInt64Tests.swift in Sources */ = {isa = PBXBuildFile; fileRef = 4092A2531FE15DB1001C0C71 /* BigIntegerSubtractionUInt64Tests.swift */; };
		40840F37200668520031752D /* BigIntegerSubtractionInt64Tests.swift in Sources */ = {isa = PBXBuildFile; fileRef = 4092A2551FE15DFE001C0C71 /* BigIntegerSubtractionInt64Tests.swift */; };
		40840F38200668520031752D /* BigIntegerSubtractionBasicValuesTests.swift in Sources */ = {isa = PBXBuildFile; fileRef = 4092A2951FE31755001C0C71 /* BigIntegerSubtractionBasicValuesTests.swift */; };
		40840F39200668570031752D /* BigIntegerMultiplicationTests.swift in Sources */ = {isa = PBXBuildFile; fileRef = 4090731C1FBC7FD600BFABE7 /* BigIntegerMultiplicationTests.swift */; };
		40840F3A200668570031752D /* BigIntegerMultiplicationIntTests.swift in Sources */ = {isa = PBXBuildFile; fileRef = 4092A2441FE02E1E001C0C71 /* BigIntegerMultiplicationIntTests.swift */; };
		40840F3B200668570031752D /* BigIntegerMultiplicationUIntTests.swift in Sources */ = {isa = PBXBuildFile; fileRef = 4092A2461FE02ED1001C0C71 /* BigIntegerMultiplicationUIntTests.swift */; };
		40840F3C200668570031752D /* BigIntegerMultiplicationInt64Tests.swift in Sources */ = {isa = PBXBuildFile; fileRef = 4092A2721FE186F7001C0C71 /* BigIntegerMultiplicationInt64Tests.swift */; };
		40840F3D200668570031752D /* BigIntegerMultiplicationUInt64Tests.swift in Sources */ = {isa = PBXBuildFile; fileRef = 4092A2741FE18738001C0C71 /* BigIntegerMultiplicationUInt64Tests.swift */; };
		40840F3E200668570031752D /* BigIntegerMulticlicationBasicValuesTests.swift in Sources */ = {isa = PBXBuildFile; fileRef = 4092A2971FE31924001C0C71 /* BigIntegerMulticlicationBasicValuesTests.swift */; };
		40840F3F2006685B0031752D /* BigIntegerDivisionTests.swift in Sources */ = {isa = PBXBuildFile; fileRef = 4092A27B1FE28136001C0C71 /* BigIntegerDivisionTests.swift */; };
		40840F402006685B0031752D /* BigIntegerDivisionIntTests.swift in Sources */ = {isa = PBXBuildFile; fileRef = 4092A2791FE28136001C0C71 /* BigIntegerDivisionIntTests.swift */; };
		40840F412006685B0031752D /* BigIntegerDivisionInt64Tests.swift in Sources */ = {isa = PBXBuildFile; fileRef = 4092A2771FE28135001C0C71 /* BigIntegerDivisionInt64Tests.swift */; };
		40840F422006685B0031752D /* BigIntegerDivisionUIntTests.swift in Sources */ = {isa = PBXBuildFile; fileRef = 4092A2781FE28136001C0C71 /* BigIntegerDivisionUIntTests.swift */; };
		40840F432006685B0031752D /* BigIntegerDivisionUInt64Tests.swift in Sources */ = {isa = PBXBuildFile; fileRef = 4092A27A1FE28136001C0C71 /* BigIntegerDivisionUInt64Tests.swift */; };
		40840F442006685B0031752D /* BigIntegerDivisionBasicValuesTests.swift in Sources */ = {isa = PBXBuildFile; fileRef = 4092A2991FE3197E001C0C71 /* BigIntegerDivisionBasicValuesTests.swift */; };
		40840F48200668600031752D /* BigIntegerBasicValuesDescriptionTests.swift in Sources */ = {isa = PBXBuildFile; fileRef = 4092A29B1FE31AA6001C0C71 /* BigIntegerBasicValuesDescriptionTests.swift */; };
		40840F49200668600031752D /* BigIntegerHashableTest.swift in Sources */ = {isa = PBXBuildFile; fileRef = 4092A2701FE17BAB001C0C71 /* BigIntegerHashableTest.swift */; };
		40840F4A200668600031752D /* BigIntegerInitTests.swift in Sources */ = {isa = PBXBuildFile; fileRef = 40357AED1FB887680083561A /* BigIntegerInitTests.swift */; };
		40840F4B200668600031752D /* RealLifeTests.swift in Sources */ = {isa = PBXBuildFile; fileRef = 40DBDE701FCDC41D00FE1594 /* RealLifeTests.swift */; };
		40840F4C200668640031752D /* ConvertersTests.swift in Sources */ = {isa = PBXBuildFile; fileRef = 4090731A1FBC520C00BFABE7 /* ConvertersTests.swift */; };
		40840F4D200668640031752D /* ArrayExtensionTests.swift in Sources */ = {isa = PBXBuildFile; fileRef = 40491CCE1FC4C2D800BB8087 /* ArrayExtensionTests.swift */; };
		40840F4E200668640031752D /* StringEXtensionsTests.swift in Sources */ = {isa = PBXBuildFile; fileRef = 4092A2A31FE93EE8001C0C71 /* StringEXtensionsTests.swift */; };
		40840F4F2006686C0031752D /* BigIntegerReminderBasicValuesTests.swift in Sources */ = {isa = PBXBuildFile; fileRef = 409411F21FE9CB2D00CB1566 /* BigIntegerReminderBasicValuesTests.swift */; };
		40840F502006686C0031752D /* BigIntegerReminderInt64Tests.swift in Sources */ = {isa = PBXBuildFile; fileRef = 409411ED1FE9CB2D00CB1566 /* BigIntegerReminderInt64Tests.swift */; };
		40840F512006686C0031752D /* BigIntegerReminderIntTests.swift in Sources */ = {isa = PBXBuildFile; fileRef = 409411F11FE9CB2D00CB1566 /* BigIntegerReminderIntTests.swift */; };
		40840F522006686C0031752D /* BigIntegerReminderTests.swift in Sources */ = {isa = PBXBuildFile; fileRef = 409411F01FE9CB2D00CB1566 /* BigIntegerReminderTests.swift */; };
		40840F532006686C0031752D /* BigIntegerReminderUInt64Tests.swift in Sources */ = {isa = PBXBuildFile; fileRef = 409411EF1FE9CB2D00CB1566 /* BigIntegerReminderUInt64Tests.swift */; };
		40840F542006686C0031752D /* BigIntegerReminderUIntTests.swift in Sources */ = {isa = PBXBuildFile; fileRef = 409411EE1FE9CB2D00CB1566 /* BigIntegerReminderUIntTests.swift */; };
		409073181FB9EAA900BFABE7 /* BinaryIntegerExtension.swift in Sources */ = {isa = PBXBuildFile; fileRef = 409073171FB9EAA900BFABE7 /* BinaryIntegerExtension.swift */; };
		4090731B1FBC520C00BFABE7 /* ConvertersTests.swift in Sources */ = {isa = PBXBuildFile; fileRef = 4090731A1FBC520C00BFABE7 /* ConvertersTests.swift */; };
		4090731D1FBC7FD600BFABE7 /* BigIntegerMultiplicationTests.swift in Sources */ = {isa = PBXBuildFile; fileRef = 4090731C1FBC7FD600BFABE7 /* BigIntegerMultiplicationTests.swift */; };
		4090731F1FBC802E00BFABE7 /* BigIntegerAdditionTests.swift in Sources */ = {isa = PBXBuildFile; fileRef = 4090731E1FBC802E00BFABE7 /* BigIntegerAdditionTests.swift */; };
		409073231FBC9B0C00BFABE7 /* BigIntegerCompareTests.swift in Sources */ = {isa = PBXBuildFile; fileRef = 409073221FBC9B0C00BFABE7 /* BigIntegerCompareTests.swift */; };
		4092A2451FE02E1E001C0C71 /* BigIntegerMultiplicationIntTests.swift in Sources */ = {isa = PBXBuildFile; fileRef = 4092A2441FE02E1E001C0C71 /* BigIntegerMultiplicationIntTests.swift */; };
		4092A2481FE02F05001C0C71 /* BigIntegerMultiplicationUIntTests.swift in Sources */ = {isa = PBXBuildFile; fileRef = 4092A2461FE02ED1001C0C71 /* BigIntegerMultiplicationUIntTests.swift */; };
		4092A24A1FE02F2E001C0C71 /* BigIntegerAdditionIntTests.swift in Sources */ = {isa = PBXBuildFile; fileRef = 4092A2491FE02F2E001C0C71 /* BigIntegerAdditionIntTests.swift */; };
		4092A24D1FE0306D001C0C71 /* BigIntegerAdditionUIntTests.swift in Sources */ = {isa = PBXBuildFile; fileRef = 4092A24B1FE03061001C0C71 /* BigIntegerAdditionUIntTests.swift */; };
		4092A2521FE15587001C0C71 /* BigIntegerSubtractionUIntTests.swift in Sources */ = {isa = PBXBuildFile; fileRef = 4092A2511FE15587001C0C71 /* BigIntegerSubtractionUIntTests.swift */; };
		4092A2541FE15DB1001C0C71 /* BigIntegerSubtractionUInt64Tests.swift in Sources */ = {isa = PBXBuildFile; fileRef = 4092A2531FE15DB1001C0C71 /* BigIntegerSubtractionUInt64Tests.swift */; };
		4092A2571FE15E76001C0C71 /* BigIntegerSubtractionInt64Tests.swift in Sources */ = {isa = PBXBuildFile; fileRef = 4092A2551FE15DFE001C0C71 /* BigIntegerSubtractionInt64Tests.swift */; };
		4092A2591FE15F17001C0C71 /* BigInteger+Power.swift in Sources */ = {isa = PBXBuildFile; fileRef = 4092A2581FE15F17001C0C71 /* BigInteger+Power.swift */; };
		4092A25C1FE160CB001C0C71 /* BigIntegerMathPowerTests.swift in Sources */ = {isa = PBXBuildFile; fileRef = 4092A25B1FE160CB001C0C71 /* BigIntegerMathPowerTests.swift */; };
		4092A2601FE16DA2001C0C71 /* Backbase+Negation.swift in Sources */ = {isa = PBXBuildFile; fileRef = 4092A25F1FE16DA2001C0C71 /* Backbase+Negation.swift */; };
		4092A2661FE17272001C0C71 /* BigIntegerAdditionUInt64Tests.swift in Sources */ = {isa = PBXBuildFile; fileRef = 4092A2631FE17199001C0C71 /* BigIntegerAdditionUInt64Tests.swift */; };
		4092A2671FE17279001C0C71 /* BigIntegerAdditionInt64Tests.swift in Sources */ = {isa = PBXBuildFile; fileRef = 4092A2621FE17199001C0C71 /* BigIntegerAdditionInt64Tests.swift */; };
		4092A26B1FE1788A001C0C71 /* BigIntegerEquilityTests.swift in Sources */ = {isa = PBXBuildFile; fileRef = 4092A26A1FE1788A001C0C71 /* BigIntegerEquilityTests.swift */; };
		4092A26D1FE17918001C0C71 /* BigIntegerEquillityWithIntegerTypesTests.swift in Sources */ = {isa = PBXBuildFile; fileRef = 4092A26C1FE17918001C0C71 /* BigIntegerEquillityWithIntegerTypesTests.swift */; };
		4092A26F1FE17A44001C0C71 /* BigIntegerMathNegationTests.swift in Sources */ = {isa = PBXBuildFile; fileRef = 4092A26E1FE17A44001C0C71 /* BigIntegerMathNegationTests.swift */; };
		4092A2711FE17BAB001C0C71 /* BigIntegerHashableTest.swift in Sources */ = {isa = PBXBuildFile; fileRef = 4092A2701FE17BAB001C0C71 /* BigIntegerHashableTest.swift */; };
		4092A2731FE186F7001C0C71 /* BigIntegerMultiplicationInt64Tests.swift in Sources */ = {isa = PBXBuildFile; fileRef = 4092A2721FE186F7001C0C71 /* BigIntegerMultiplicationInt64Tests.swift */; };
		4092A2751FE18738001C0C71 /* BigIntegerMultiplicationUInt64Tests.swift in Sources */ = {isa = PBXBuildFile; fileRef = 4092A2741FE18738001C0C71 /* BigIntegerMultiplicationUInt64Tests.swift */; };
		4092A2811FE281A6001C0C71 /* BigIntegerDivisionUInt64Tests.swift in Sources */ = {isa = PBXBuildFile; fileRef = 4092A27A1FE28136001C0C71 /* BigIntegerDivisionUInt64Tests.swift */; };
		4092A2821FE281A9001C0C71 /* BigIntegerDivisionTests.swift in Sources */ = {isa = PBXBuildFile; fileRef = 4092A27B1FE28136001C0C71 /* BigIntegerDivisionTests.swift */; };
		4092A2831FE281AC001C0C71 /* BigIntegerDivisionIntTests.swift in Sources */ = {isa = PBXBuildFile; fileRef = 4092A2791FE28136001C0C71 /* BigIntegerDivisionIntTests.swift */; };
		4092A2841FE281AF001C0C71 /* BigIntegerDivisionInt64Tests.swift in Sources */ = {isa = PBXBuildFile; fileRef = 4092A2771FE28135001C0C71 /* BigIntegerDivisionInt64Tests.swift */; };
		4092A2851FE281B8001C0C71 /* BigIntegerDivisionUIntTests.swift in Sources */ = {isa = PBXBuildFile; fileRef = 4092A2781FE28136001C0C71 /* BigIntegerDivisionUIntTests.swift */; };
		4092A2871FE2897E001C0C71 /* BigInteger+Division.swift in Sources */ = {isa = PBXBuildFile; fileRef = 4092A2861FE2897E001C0C71 /* BigInteger+Division.swift */; };
		4092A2921FE3124D001C0C71 /* BigIntegerCompareBasicValuesTests.swift in Sources */ = {isa = PBXBuildFile; fileRef = 4092A28F1FE31206001C0C71 /* BigIntegerCompareBasicValuesTests.swift */; };
		4092A2941FE3146F001C0C71 /* BigIntegerAdditionBasicValuesTests.swift in Sources */ = {isa = PBXBuildFile; fileRef = 4092A2931FE3146F001C0C71 /* BigIntegerAdditionBasicValuesTests.swift */; };
		4092A2961FE31755001C0C71 /* BigIntegerSubtractionBasicValuesTests.swift in Sources */ = {isa = PBXBuildFile; fileRef = 4092A2951FE31755001C0C71 /* BigIntegerSubtractionBasicValuesTests.swift */; };
		4092A2981FE31924001C0C71 /* BigIntegerMulticlicationBasicValuesTests.swift in Sources */ = {isa = PBXBuildFile; fileRef = 4092A2971FE31924001C0C71 /* BigIntegerMulticlicationBasicValuesTests.swift */; };
		4092A29A1FE3197E001C0C71 /* BigIntegerDivisionBasicValuesTests.swift in Sources */ = {isa = PBXBuildFile; fileRef = 4092A2991FE3197E001C0C71 /* BigIntegerDivisionBasicValuesTests.swift */; };
		4092A29C1FE31AA6001C0C71 /* BigIntegerBasicValuesDescriptionTests.swift in Sources */ = {isa = PBXBuildFile; fileRef = 4092A29B1FE31AA6001C0C71 /* BigIntegerBasicValuesDescriptionTests.swift */; };
		4092A29E1FE330D3001C0C71 /* BigIntegerEquilityBasicValues.swift in Sources */ = {isa = PBXBuildFile; fileRef = 4092A29D1FE330D3001C0C71 /* BigIntegerEquilityBasicValues.swift */; };
		4092A2A11FE7D003001C0C71 /* BigInteger+Ads.swift in Sources */ = {isa = PBXBuildFile; fileRef = 4092A29F1FE7BD7D001C0C71 /* BigInteger+Ads.swift */; };
		4092A2A41FE93EE8001C0C71 /* StringEXtensionsTests.swift in Sources */ = {isa = PBXBuildFile; fileRef = 4092A2A31FE93EE8001C0C71 /* StringEXtensionsTests.swift */; };
		409411EA1FE98AF300CB1566 /* BigInteger+Reminder.swift in Sources */ = {isa = PBXBuildFile; fileRef = 409411E91FE98AF300CB1566 /* BigInteger+Reminder.swift */; };
		409411F41FE9CB2D00CB1566 /* BigIntegerReminderInt64Tests.swift in Sources */ = {isa = PBXBuildFile; fileRef = 409411ED1FE9CB2D00CB1566 /* BigIntegerReminderInt64Tests.swift */; };
		409411F61FE9CB2D00CB1566 /* BigIntegerReminderUIntTests.swift in Sources */ = {isa = PBXBuildFile; fileRef = 409411EE1FE9CB2D00CB1566 /* BigIntegerReminderUIntTests.swift */; };
		409411F81FE9CB2D00CB1566 /* BigIntegerReminderUInt64Tests.swift in Sources */ = {isa = PBXBuildFile; fileRef = 409411EF1FE9CB2D00CB1566 /* BigIntegerReminderUInt64Tests.swift */; };
		409411FA1FE9CB2D00CB1566 /* BigIntegerReminderTests.swift in Sources */ = {isa = PBXBuildFile; fileRef = 409411F01FE9CB2D00CB1566 /* BigIntegerReminderTests.swift */; };
		409411FC1FE9CB2D00CB1566 /* BigIntegerReminderIntTests.swift in Sources */ = {isa = PBXBuildFile; fileRef = 409411F11FE9CB2D00CB1566 /* BigIntegerReminderIntTests.swift */; };
		409411FE1FE9CB2D00CB1566 /* BigIntegerReminderBasicValuesTests.swift in Sources */ = {isa = PBXBuildFile; fileRef = 409411F21FE9CB2D00CB1566 /* BigIntegerReminderBasicValuesTests.swift */; };
		409412051FEA675800CB1566 /* BigIntegerMathAbs.swift in Sources */ = {isa = PBXBuildFile; fileRef = 409412041FEA675800CB1566 /* BigIntegerMathAbs.swift */; };
		40DBDE711FCDC41D00FE1594 /* RealLifeTests.swift in Sources */ = {isa = PBXBuildFile; fileRef = 40DBDE701FCDC41D00FE1594 /* RealLifeTests.swift */; };
		40DBDE731FCDC50F00FE1594 /* BigIntegerCompareWithIntegerTypesTests.swift in Sources */ = {isa = PBXBuildFile; fileRef = 40DBDE721FCDC50F00FE1594 /* BigIntegerCompareWithIntegerTypesTests.swift */; };
		40DBDE771FCDED8100FE1594 /* BigInteger+ComparableInt.swift in Sources */ = {isa = PBXBuildFile; fileRef = 40DBDE751FCDED8100FE1594 /* BigInteger+ComparableInt.swift */; };
		40DBDE7B1FCDEFBB00FE1594 /* BigInteger+EquatableInt.swift in Sources */ = {isa = PBXBuildFile; fileRef = 40DBDE7A1FCDEFBB00FE1594 /* BigInteger+EquatableInt.swift */; };
		40DBDE7D1FCDEFF100FE1594 /* BigInteger+NotEquatableInt.swift in Sources */ = {isa = PBXBuildFile; fileRef = 40DBDE7C1FCDEFF100FE1594 /* BigInteger+NotEquatableInt.swift */; };
		40DBDE811FCDFA1500FE1594 /* BigInteger+Hashable.swift in Sources */ = {isa = PBXBuildFile; fileRef = 40DBDE801FCDFA1500FE1594 /* BigInteger+Hashable.swift */; };
		40DBDE841FCDFCFE00FE1594 /* BigIntegerSubtractionTests.swift in Sources */ = {isa = PBXBuildFile; fileRef = 40DBDE831FCDFCFE00FE1594 /* BigIntegerSubtractionTests.swift */; };
		40DBDE861FCDFD2500FE1594 /* BigIntegerSubtractionIntTests.swift in Sources */ = {isa = PBXBuildFile; fileRef = 40DBDE851FCDFD2500FE1594 /* BigIntegerSubtractionIntTests.swift */; };
/* End PBXBuildFile section */

/* Begin PBXContainerItemProxy section */
		40357AEA1FB887680083561A /* PBXContainerItemProxy */ = {
			isa = PBXContainerItemProxy;
			containerPortal = 40357AD61FB887670083561A /* Project object */;
			proxyType = 1;
			remoteGlobalIDString = 40357ADE1FB887670083561A;
			remoteInfo = BigInteger;
		};
		40840EFC200667A30031752D /* PBXContainerItemProxy */ = {
			isa = PBXContainerItemProxy;
			containerPortal = 40357AD61FB887670083561A /* Project object */;
			proxyType = 1;
			remoteGlobalIDString = 40840EF1200667A30031752D;
			remoteInfo = BigIntegerMac;
		};
/* End PBXContainerItemProxy section */

/* Begin PBXFileReference section */
		40357ADF1FB887670083561A /* BigInteger.framework */ = {isa = PBXFileReference; explicitFileType = wrapper.framework; includeInIndex = 0; path = BigInteger.framework; sourceTree = BUILT_PRODUCTS_DIR; };
		40357AE31FB887680083561A /* Info.plist */ = {isa = PBXFileReference; lastKnownFileType = text.plist.xml; path = Info.plist; sourceTree = "<group>"; };
		40357AE81FB887680083561A /* BigIntegerTests.xctest */ = {isa = PBXFileReference; explicitFileType = wrapper.cfbundle; includeInIndex = 0; path = BigIntegerTests.xctest; sourceTree = BUILT_PRODUCTS_DIR; };
		40357AED1FB887680083561A /* BigIntegerInitTests.swift */ = {isa = PBXFileReference; lastKnownFileType = sourcecode.swift; path = BigIntegerInitTests.swift; sourceTree = "<group>"; };
		40357AEF1FB887680083561A /* Info.plist */ = {isa = PBXFileReference; lastKnownFileType = text.plist.xml; path = Info.plist; sourceTree = "<group>"; };
		40357AFA1FB887D60083561A /* BigInteger.swift */ = {isa = PBXFileReference; lastKnownFileType = sourcecode.swift; path = BigInteger.swift; sourceTree = "<group>"; };
		40357AFE1FB88B400083561A /* BigInteger+Equatable.swift */ = {isa = PBXFileReference; lastKnownFileType = sourcecode.swift; path = "BigInteger+Equatable.swift"; sourceTree = "<group>"; };
		40357B021FB88C660083561A /* BigInteger+Comparable.swift */ = {isa = PBXFileReference; lastKnownFileType = sourcecode.swift; path = "BigInteger+Comparable.swift"; sourceTree = "<group>"; };
		40357B0B1FB88E430083561A /* BigInteger+CustomStringConvertible.swift */ = {isa = PBXFileReference; lastKnownFileType = sourcecode.swift; path = "BigInteger+CustomStringConvertible.swift"; sourceTree = "<group>"; };
		40491CCC1FC4BECC00BB8087 /* ArrayExtensions.swift */ = {isa = PBXFileReference; lastKnownFileType = sourcecode.swift; path = ArrayExtensions.swift; sourceTree = "<group>"; };
		40491CCE1FC4C2D800BB8087 /* ArrayExtensionTests.swift */ = {isa = PBXFileReference; lastKnownFileType = sourcecode.swift; path = ArrayExtensionTests.swift; sourceTree = "<group>"; };
		40491CD11FC4CCCC00BB8087 /* StringExtensions.swift */ = {isa = PBXFileReference; lastKnownFileType = sourcecode.swift; path = StringExtensions.swift; sourceTree = "<group>"; };
		40491CD51FC4E22500BB8087 /* BigInteger+Addition.swift */ = {isa = PBXFileReference; lastKnownFileType = sourcecode.swift; path = "BigInteger+Addition.swift"; sourceTree = "<group>"; };
		40491CD71FC4E23500BB8087 /* BigInteger+Subtraction.swift */ = {isa = PBXFileReference; lastKnownFileType = sourcecode.swift; path = "BigInteger+Subtraction.swift"; sourceTree = "<group>"; };
		40491CD91FC4E24A00BB8087 /* BigInteger+Multiplication.swift */ = {isa = PBXFileReference; lastKnownFileType = sourcecode.swift; path = "BigInteger+Multiplication.swift"; sourceTree = "<group>"; };
		40840EF2200667A30031752D /* BigInteger.framework */ = {isa = PBXFileReference; explicitFileType = wrapper.framework; includeInIndex = 0; path = BigInteger.framework; sourceTree = BUILT_PRODUCTS_DIR; };
		40840EFA200667A30031752D /* BigIntegerMacTests.xctest */ = {isa = PBXFileReference; explicitFileType = wrapper.cfbundle; includeInIndex = 0; path = BigIntegerMacTests.xctest; sourceTree = BUILT_PRODUCTS_DIR; };
		409073171FB9EAA900BFABE7 /* BinaryIntegerExtension.swift */ = {isa = PBXFileReference; lastKnownFileType = sourcecode.swift; path = BinaryIntegerExtension.swift; sourceTree = "<group>"; };
		4090731A1FBC520C00BFABE7 /* ConvertersTests.swift */ = {isa = PBXFileReference; lastKnownFileType = sourcecode.swift; path = ConvertersTests.swift; sourceTree = "<group>"; };
		4090731C1FBC7FD600BFABE7 /* BigIntegerMultiplicationTests.swift */ = {isa = PBXFileReference; lastKnownFileType = sourcecode.swift; path = BigIntegerMultiplicationTests.swift; sourceTree = "<group>"; };
		4090731E1FBC802E00BFABE7 /* BigIntegerAdditionTests.swift */ = {isa = PBXFileReference; lastKnownFileType = sourcecode.swift; path = BigIntegerAdditionTests.swift; sourceTree = "<group>"; };
		409073221FBC9B0C00BFABE7 /* BigIntegerCompareTests.swift */ = {isa = PBXFileReference; lastKnownFileType = sourcecode.swift; path = BigIntegerCompareTests.swift; sourceTree = "<group>"; };
		4092A2441FE02E1E001C0C71 /* BigIntegerMultiplicationIntTests.swift */ = {isa = PBXFileReference; lastKnownFileType = sourcecode.swift; path = BigIntegerMultiplicationIntTests.swift; sourceTree = "<group>"; };
		4092A2461FE02ED1001C0C71 /* BigIntegerMultiplicationUIntTests.swift */ = {isa = PBXFileReference; lastKnownFileType = sourcecode.swift; path = BigIntegerMultiplicationUIntTests.swift; sourceTree = "<group>"; };
		4092A2491FE02F2E001C0C71 /* BigIntegerAdditionIntTests.swift */ = {isa = PBXFileReference; lastKnownFileType = sourcecode.swift; path = BigIntegerAdditionIntTests.swift; sourceTree = "<group>"; };
		4092A24B1FE03061001C0C71 /* BigIntegerAdditionUIntTests.swift */ = {isa = PBXFileReference; lastKnownFileType = sourcecode.swift; path = BigIntegerAdditionUIntTests.swift; sourceTree = "<group>"; };
		4092A2511FE15587001C0C71 /* BigIntegerSubtractionUIntTests.swift */ = {isa = PBXFileReference; lastKnownFileType = sourcecode.swift; path = BigIntegerSubtractionUIntTests.swift; sourceTree = "<group>"; };
		4092A2531FE15DB1001C0C71 /* BigIntegerSubtractionUInt64Tests.swift */ = {isa = PBXFileReference; lastKnownFileType = sourcecode.swift; path = BigIntegerSubtractionUInt64Tests.swift; sourceTree = "<group>"; };
		4092A2551FE15DFE001C0C71 /* BigIntegerSubtractionInt64Tests.swift */ = {isa = PBXFileReference; lastKnownFileType = sourcecode.swift; path = BigIntegerSubtractionInt64Tests.swift; sourceTree = "<group>"; };
		4092A2581FE15F17001C0C71 /* BigInteger+Power.swift */ = {isa = PBXFileReference; lastKnownFileType = sourcecode.swift; path = "BigInteger+Power.swift"; sourceTree = "<group>"; };
		4092A25B1FE160CB001C0C71 /* BigIntegerMathPowerTests.swift */ = {isa = PBXFileReference; lastKnownFileType = sourcecode.swift; path = BigIntegerMathPowerTests.swift; sourceTree = "<group>"; };
		4092A25F1FE16DA2001C0C71 /* Backbase+Negation.swift */ = {isa = PBXFileReference; lastKnownFileType = sourcecode.swift; path = "Backbase+Negation.swift"; sourceTree = "<group>"; };
		4092A2621FE17199001C0C71 /* BigIntegerAdditionInt64Tests.swift */ = {isa = PBXFileReference; fileEncoding = 4; lastKnownFileType = sourcecode.swift; path = BigIntegerAdditionInt64Tests.swift; sourceTree = "<group>"; };
		4092A2631FE17199001C0C71 /* BigIntegerAdditionUInt64Tests.swift */ = {isa = PBXFileReference; fileEncoding = 4; lastKnownFileType = sourcecode.swift; path = BigIntegerAdditionUInt64Tests.swift; sourceTree = "<group>"; };
		4092A26A1FE1788A001C0C71 /* BigIntegerEquilityTests.swift */ = {isa = PBXFileReference; lastKnownFileType = sourcecode.swift; path = BigIntegerEquilityTests.swift; sourceTree = "<group>"; };
		4092A26C1FE17918001C0C71 /* BigIntegerEquillityWithIntegerTypesTests.swift */ = {isa = PBXFileReference; fileEncoding = 4; lastKnownFileType = sourcecode.swift; path = BigIntegerEquillityWithIntegerTypesTests.swift; sourceTree = "<group>"; };
		4092A26E1FE17A44001C0C71 /* BigIntegerMathNegationTests.swift */ = {isa = PBXFileReference; lastKnownFileType = sourcecode.swift; path = BigIntegerMathNegationTests.swift; sourceTree = "<group>"; };
		4092A2701FE17BAB001C0C71 /* BigIntegerHashableTest.swift */ = {isa = PBXFileReference; lastKnownFileType = sourcecode.swift; path = BigIntegerHashableTest.swift; sourceTree = "<group>"; };
		4092A2721FE186F7001C0C71 /* BigIntegerMultiplicationInt64Tests.swift */ = {isa = PBXFileReference; lastKnownFileType = sourcecode.swift; path = BigIntegerMultiplicationInt64Tests.swift; sourceTree = "<group>"; };
		4092A2741FE18738001C0C71 /* BigIntegerMultiplicationUInt64Tests.swift */ = {isa = PBXFileReference; lastKnownFileType = sourcecode.swift; path = BigIntegerMultiplicationUInt64Tests.swift; sourceTree = "<group>"; };
		4092A2771FE28135001C0C71 /* BigIntegerDivisionInt64Tests.swift */ = {isa = PBXFileReference; fileEncoding = 4; lastKnownFileType = sourcecode.swift; path = BigIntegerDivisionInt64Tests.swift; sourceTree = "<group>"; };
		4092A2781FE28136001C0C71 /* BigIntegerDivisionUIntTests.swift */ = {isa = PBXFileReference; fileEncoding = 4; lastKnownFileType = sourcecode.swift; path = BigIntegerDivisionUIntTests.swift; sourceTree = "<group>"; };
		4092A2791FE28136001C0C71 /* BigIntegerDivisionIntTests.swift */ = {isa = PBXFileReference; fileEncoding = 4; lastKnownFileType = sourcecode.swift; path = BigIntegerDivisionIntTests.swift; sourceTree = "<group>"; };
		4092A27A1FE28136001C0C71 /* BigIntegerDivisionUInt64Tests.swift */ = {isa = PBXFileReference; fileEncoding = 4; lastKnownFileType = sourcecode.swift; path = BigIntegerDivisionUInt64Tests.swift; sourceTree = "<group>"; };
		4092A27B1FE28136001C0C71 /* BigIntegerDivisionTests.swift */ = {isa = PBXFileReference; fileEncoding = 4; lastKnownFileType = sourcecode.swift; path = BigIntegerDivisionTests.swift; sourceTree = "<group>"; };
		4092A2861FE2897E001C0C71 /* BigInteger+Division.swift */ = {isa = PBXFileReference; fileEncoding = 4; lastKnownFileType = sourcecode.swift; path = "BigInteger+Division.swift"; sourceTree = "<group>"; };
		4092A28F1FE31206001C0C71 /* BigIntegerCompareBasicValuesTests.swift */ = {isa = PBXFileReference; lastKnownFileType = sourcecode.swift; path = BigIntegerCompareBasicValuesTests.swift; sourceTree = "<group>"; };
		4092A2931FE3146F001C0C71 /* BigIntegerAdditionBasicValuesTests.swift */ = {isa = PBXFileReference; lastKnownFileType = sourcecode.swift; path = BigIntegerAdditionBasicValuesTests.swift; sourceTree = "<group>"; };
		4092A2951FE31755001C0C71 /* BigIntegerSubtractionBasicValuesTests.swift */ = {isa = PBXFileReference; lastKnownFileType = sourcecode.swift; path = BigIntegerSubtractionBasicValuesTests.swift; sourceTree = "<group>"; };
		4092A2971FE31924001C0C71 /* BigIntegerMulticlicationBasicValuesTests.swift */ = {isa = PBXFileReference; lastKnownFileType = sourcecode.swift; path = BigIntegerMulticlicationBasicValuesTests.swift; sourceTree = "<group>"; };
		4092A2991FE3197E001C0C71 /* BigIntegerDivisionBasicValuesTests.swift */ = {isa = PBXFileReference; lastKnownFileType = sourcecode.swift; path = BigIntegerDivisionBasicValuesTests.swift; sourceTree = "<group>"; };
		4092A29B1FE31AA6001C0C71 /* BigIntegerBasicValuesDescriptionTests.swift */ = {isa = PBXFileReference; lastKnownFileType = sourcecode.swift; path = BigIntegerBasicValuesDescriptionTests.swift; sourceTree = "<group>"; };
		4092A29D1FE330D3001C0C71 /* BigIntegerEquilityBasicValues.swift */ = {isa = PBXFileReference; lastKnownFileType = sourcecode.swift; path = BigIntegerEquilityBasicValues.swift; sourceTree = "<group>"; };
		4092A29F1FE7BD7D001C0C71 /* BigInteger+Ads.swift */ = {isa = PBXFileReference; lastKnownFileType = sourcecode.swift; path = "BigInteger+Ads.swift"; sourceTree = "<group>"; };
		4092A2A31FE93EE8001C0C71 /* StringEXtensionsTests.swift */ = {isa = PBXFileReference; lastKnownFileType = sourcecode.swift; path = StringEXtensionsTests.swift; sourceTree = "<group>"; };
		409411E91FE98AF300CB1566 /* BigInteger+Reminder.swift */ = {isa = PBXFileReference; lastKnownFileType = sourcecode.swift; path = "BigInteger+Reminder.swift"; sourceTree = "<group>"; };
		409411ED1FE9CB2D00CB1566 /* BigIntegerReminderInt64Tests.swift */ = {isa = PBXFileReference; fileEncoding = 4; lastKnownFileType = sourcecode.swift; path = BigIntegerReminderInt64Tests.swift; sourceTree = "<group>"; };
		409411EE1FE9CB2D00CB1566 /* BigIntegerReminderUIntTests.swift */ = {isa = PBXFileReference; fileEncoding = 4; lastKnownFileType = sourcecode.swift; path = BigIntegerReminderUIntTests.swift; sourceTree = "<group>"; };
		409411EF1FE9CB2D00CB1566 /* BigIntegerReminderUInt64Tests.swift */ = {isa = PBXFileReference; fileEncoding = 4; lastKnownFileType = sourcecode.swift; path = BigIntegerReminderUInt64Tests.swift; sourceTree = "<group>"; };
		409411F01FE9CB2D00CB1566 /* BigIntegerReminderTests.swift */ = {isa = PBXFileReference; fileEncoding = 4; lastKnownFileType = sourcecode.swift; path = BigIntegerReminderTests.swift; sourceTree = "<group>"; };
		409411F11FE9CB2D00CB1566 /* BigIntegerReminderIntTests.swift */ = {isa = PBXFileReference; fileEncoding = 4; lastKnownFileType = sourcecode.swift; path = BigIntegerReminderIntTests.swift; sourceTree = "<group>"; };
		409411F21FE9CB2D00CB1566 /* BigIntegerReminderBasicValuesTests.swift */ = {isa = PBXFileReference; fileEncoding = 4; lastKnownFileType = sourcecode.swift; path = BigIntegerReminderBasicValuesTests.swift; sourceTree = "<group>"; };
		409412041FEA675800CB1566 /* BigIntegerMathAbs.swift */ = {isa = PBXFileReference; lastKnownFileType = sourcecode.swift; path = BigIntegerMathAbs.swift; sourceTree = "<group>"; };
		40DBDE701FCDC41D00FE1594 /* RealLifeTests.swift */ = {isa = PBXFileReference; lastKnownFileType = sourcecode.swift; path = RealLifeTests.swift; sourceTree = "<group>"; };
		40DBDE721FCDC50F00FE1594 /* BigIntegerCompareWithIntegerTypesTests.swift */ = {isa = PBXFileReference; lastKnownFileType = sourcecode.swift; path = BigIntegerCompareWithIntegerTypesTests.swift; sourceTree = "<group>"; };
		40DBDE751FCDED8100FE1594 /* BigInteger+ComparableInt.swift */ = {isa = PBXFileReference; fileEncoding = 4; lastKnownFileType = sourcecode.swift; path = "BigInteger+ComparableInt.swift"; sourceTree = "<group>"; };
		40DBDE7A1FCDEFBB00FE1594 /* BigInteger+EquatableInt.swift */ = {isa = PBXFileReference; lastKnownFileType = sourcecode.swift; path = "BigInteger+EquatableInt.swift"; sourceTree = "<group>"; };
		40DBDE7C1FCDEFF100FE1594 /* BigInteger+NotEquatableInt.swift */ = {isa = PBXFileReference; fileEncoding = 4; lastKnownFileType = sourcecode.swift; path = "BigInteger+NotEquatableInt.swift"; sourceTree = "<group>"; };
		40DBDE801FCDFA1500FE1594 /* BigInteger+Hashable.swift */ = {isa = PBXFileReference; lastKnownFileType = sourcecode.swift; path = "BigInteger+Hashable.swift"; sourceTree = "<group>"; };
		40DBDE831FCDFCFE00FE1594 /* BigIntegerSubtractionTests.swift */ = {isa = PBXFileReference; lastKnownFileType = sourcecode.swift; path = BigIntegerSubtractionTests.swift; sourceTree = "<group>"; };
		40DBDE851FCDFD2500FE1594 /* BigIntegerSubtractionIntTests.swift */ = {isa = PBXFileReference; lastKnownFileType = sourcecode.swift; path = BigIntegerSubtractionIntTests.swift; sourceTree = "<group>"; };
/* End PBXFileReference section */

/* Begin PBXFrameworksBuildPhase section */
		40357ADB1FB887670083561A /* Frameworks */ = {
			isa = PBXFrameworksBuildPhase;
			buildActionMask = 2147483647;
			files = (
			);
			runOnlyForDeploymentPostprocessing = 0;
		};
		40357AE51FB887680083561A /* Frameworks */ = {
			isa = PBXFrameworksBuildPhase;
			buildActionMask = 2147483647;
			files = (
				40357AE91FB887680083561A /* BigInteger.framework in Frameworks */,
			);
			runOnlyForDeploymentPostprocessing = 0;
		};
		40840EEE200667A30031752D /* Frameworks */ = {
			isa = PBXFrameworksBuildPhase;
			buildActionMask = 2147483647;
			files = (
			);
			runOnlyForDeploymentPostprocessing = 0;
		};
		40840EF7200667A30031752D /* Frameworks */ = {
			isa = PBXFrameworksBuildPhase;
			buildActionMask = 2147483647;
			files = (
				40840EFB200667A30031752D /* BigInteger.framework in Frameworks */,
			);
			runOnlyForDeploymentPostprocessing = 0;
		};
/* End PBXFrameworksBuildPhase section */

/* Begin PBXGroup section */
		40357AD51FB887670083561A = {
			isa = PBXGroup;
			children = (
				40357AE11FB887670083561A /* Source */,
				40357AEC1FB887680083561A /* Tests */,
				40357AE01FB887670083561A /* Products */,
			);
			sourceTree = "<group>";
		};
		40357AE01FB887670083561A /* Products */ = {
			isa = PBXGroup;
			children = (
				40357ADF1FB887670083561A /* BigInteger.framework */,
				40357AE81FB887680083561A /* BigIntegerTests.xctest */,
				40840EF2200667A30031752D /* BigInteger.framework */,
				40840EFA200667A30031752D /* BigIntegerMacTests.xctest */,
			);
			name = Products;
			sourceTree = "<group>";
		};
		40357AE11FB887670083561A /* Source */ = {
			isa = PBXGroup;
			children = (
				4092A25E1FE16D76001C0C71 /* Math */,
				40DBDE6F1FCDC2B800FE1594 /* Comparison */,
				40491CD41FC4E1D300BB8087 /* Operations */,
				409073161FB9EA9000BFABE7 /* Utils */,
				40357AE31FB887680083561A /* Info.plist */,
				40357AFA1FB887D60083561A /* BigInteger.swift */,
				40357B0B1FB88E430083561A /* BigInteger+CustomStringConvertible.swift */,
				40DBDE801FCDFA1500FE1594 /* BigInteger+Hashable.swift */,
			);
			path = Source;
			sourceTree = "<group>";
		};
		40357AEC1FB887680083561A /* Tests */ = {
			isa = PBXGroup;
			children = (
				409411EC1FE9CAF800CB1566 /* Reminder */,
				4092A25A1FE160B0001C0C71 /* Math */,
				40DBDE8C1FCDFDDB00FE1594 /* Compare */,
				40DBDE8A1FCDFDA800FE1594 /* Addition */,
				40DBDE871FCDFD4000FE1594 /* Subtraction */,
				40DBDE8B1FCDFDB200FE1594 /* Multiplication */,
				4092A2761FE280FB001C0C71 /* Division */,
				4092A28C1FE2BF9C001C0C71 /* Utils */,
				4092A29B1FE31AA6001C0C71 /* BigIntegerBasicValuesDescriptionTests.swift */,
				4092A2701FE17BAB001C0C71 /* BigIntegerHashableTest.swift */,
				40357AED1FB887680083561A /* BigIntegerInitTests.swift */,
				40DBDE701FCDC41D00FE1594 /* RealLifeTests.swift */,
				40357AEF1FB887680083561A /* Info.plist */,
			);
			path = Tests;
			sourceTree = "<group>";
		};
		40491CD41FC4E1D300BB8087 /* Operations */ = {
			isa = PBXGroup;
			children = (
				40491CD51FC4E22500BB8087 /* BigInteger+Addition.swift */,
				40491CD71FC4E23500BB8087 /* BigInteger+Subtraction.swift */,
				40491CD91FC4E24A00BB8087 /* BigInteger+Multiplication.swift */,
				4092A2861FE2897E001C0C71 /* BigInteger+Division.swift */,
				409411E91FE98AF300CB1566 /* BigInteger+Reminder.swift */,
			);
			path = Operations;
			sourceTree = "<group>";
		};
		409073161FB9EA9000BFABE7 /* Utils */ = {
			isa = PBXGroup;
			children = (
				409073171FB9EAA900BFABE7 /* BinaryIntegerExtension.swift */,
				40491CCC1FC4BECC00BB8087 /* ArrayExtensions.swift */,
				40491CD11FC4CCCC00BB8087 /* StringExtensions.swift */,
			);
			path = Utils;
			sourceTree = "<group>";
		};
		4092A25A1FE160B0001C0C71 /* Math */ = {
			isa = PBXGroup;
			children = (
				4092A25B1FE160CB001C0C71 /* BigIntegerMathPowerTests.swift */,
				4092A26E1FE17A44001C0C71 /* BigIntegerMathNegationTests.swift */,
				409412041FEA675800CB1566 /* BigIntegerMathAbs.swift */,
			);
			path = Math;
			sourceTree = "<group>";
		};
		4092A25E1FE16D76001C0C71 /* Math */ = {
			isa = PBXGroup;
			children = (
				4092A2581FE15F17001C0C71 /* BigInteger+Power.swift */,
				4092A25F1FE16DA2001C0C71 /* Backbase+Negation.swift */,
				4092A29F1FE7BD7D001C0C71 /* BigInteger+Ads.swift */,
			);
			path = Math;
			sourceTree = "<group>";
		};
		4092A2761FE280FB001C0C71 /* Division */ = {
			isa = PBXGroup;
			children = (
				4092A27B1FE28136001C0C71 /* BigIntegerDivisionTests.swift */,
				4092A2791FE28136001C0C71 /* BigIntegerDivisionIntTests.swift */,
				4092A2771FE28135001C0C71 /* BigIntegerDivisionInt64Tests.swift */,
				4092A2781FE28136001C0C71 /* BigIntegerDivisionUIntTests.swift */,
				4092A27A1FE28136001C0C71 /* BigIntegerDivisionUInt64Tests.swift */,
				4092A2991FE3197E001C0C71 /* BigIntegerDivisionBasicValuesTests.swift */,
			);
			path = Division;
			sourceTree = "<group>";
		};
		4092A28C1FE2BF9C001C0C71 /* Utils */ = {
			isa = PBXGroup;
			children = (
				4090731A1FBC520C00BFABE7 /* ConvertersTests.swift */,
				40491CCE1FC4C2D800BB8087 /* ArrayExtensionTests.swift */,
				4092A2A31FE93EE8001C0C71 /* StringEXtensionsTests.swift */,
			);
			path = Utils;
			sourceTree = "<group>";
		};
		409411EC1FE9CAF800CB1566 /* Reminder */ = {
			isa = PBXGroup;
			children = (
				409411F21FE9CB2D00CB1566 /* BigIntegerReminderBasicValuesTests.swift */,
				409411ED1FE9CB2D00CB1566 /* BigIntegerReminderInt64Tests.swift */,
				409411F11FE9CB2D00CB1566 /* BigIntegerReminderIntTests.swift */,
				409411F01FE9CB2D00CB1566 /* BigIntegerReminderTests.swift */,
				409411EF1FE9CB2D00CB1566 /* BigIntegerReminderUInt64Tests.swift */,
				409411EE1FE9CB2D00CB1566 /* BigIntegerReminderUIntTests.swift */,
			);
			path = Reminder;
			sourceTree = "<group>";
		};
		40DBDE6F1FCDC2B800FE1594 /* Comparison */ = {
			isa = PBXGroup;
			children = (
				40357B021FB88C660083561A /* BigInteger+Comparable.swift */,
				40DBDE751FCDED8100FE1594 /* BigInteger+ComparableInt.swift */,
				40357AFE1FB88B400083561A /* BigInteger+Equatable.swift */,
				40DBDE7A1FCDEFBB00FE1594 /* BigInteger+EquatableInt.swift */,
				40DBDE7C1FCDEFF100FE1594 /* BigInteger+NotEquatableInt.swift */,
			);
			path = Comparison;
			sourceTree = "<group>";
		};
		40DBDE871FCDFD4000FE1594 /* Subtraction */ = {
			isa = PBXGroup;
			children = (
				40DBDE831FCDFCFE00FE1594 /* BigIntegerSubtractionTests.swift */,
				40DBDE851FCDFD2500FE1594 /* BigIntegerSubtractionIntTests.swift */,
				4092A2511FE15587001C0C71 /* BigIntegerSubtractionUIntTests.swift */,
				4092A2531FE15DB1001C0C71 /* BigIntegerSubtractionUInt64Tests.swift */,
				4092A2551FE15DFE001C0C71 /* BigIntegerSubtractionInt64Tests.swift */,
				4092A2951FE31755001C0C71 /* BigIntegerSubtractionBasicValuesTests.swift */,
			);
			path = Subtraction;
			sourceTree = "<group>";
		};
		40DBDE8A1FCDFDA800FE1594 /* Addition */ = {
			isa = PBXGroup;
			children = (
				4092A2621FE17199001C0C71 /* BigIntegerAdditionInt64Tests.swift */,
				4092A2631FE17199001C0C71 /* BigIntegerAdditionUInt64Tests.swift */,
				4090731E1FBC802E00BFABE7 /* BigIntegerAdditionTests.swift */,
				4092A2491FE02F2E001C0C71 /* BigIntegerAdditionIntTests.swift */,
				4092A24B1FE03061001C0C71 /* BigIntegerAdditionUIntTests.swift */,
				4092A2931FE3146F001C0C71 /* BigIntegerAdditionBasicValuesTests.swift */,
			);
			path = Addition;
			sourceTree = "<group>";
		};
		40DBDE8B1FCDFDB200FE1594 /* Multiplication */ = {
			isa = PBXGroup;
			children = (
				4090731C1FBC7FD600BFABE7 /* BigIntegerMultiplicationTests.swift */,
				4092A2441FE02E1E001C0C71 /* BigIntegerMultiplicationIntTests.swift */,
				4092A2461FE02ED1001C0C71 /* BigIntegerMultiplicationUIntTests.swift */,
				4092A2721FE186F7001C0C71 /* BigIntegerMultiplicationInt64Tests.swift */,
				4092A2741FE18738001C0C71 /* BigIntegerMultiplicationUInt64Tests.swift */,
				4092A2971FE31924001C0C71 /* BigIntegerMulticlicationBasicValuesTests.swift */,
			);
			path = Multiplication;
			sourceTree = "<group>";
		};
		40DBDE8C1FCDFDDB00FE1594 /* Compare */ = {
			isa = PBXGroup;
			children = (
				4092A26C1FE17918001C0C71 /* BigIntegerEquillityWithIntegerTypesTests.swift */,
				40DBDE721FCDC50F00FE1594 /* BigIntegerCompareWithIntegerTypesTests.swift */,
				409073221FBC9B0C00BFABE7 /* BigIntegerCompareTests.swift */,
				4092A26A1FE1788A001C0C71 /* BigIntegerEquilityTests.swift */,
				4092A28F1FE31206001C0C71 /* BigIntegerCompareBasicValuesTests.swift */,
				4092A29D1FE330D3001C0C71 /* BigIntegerEquilityBasicValues.swift */,
			);
			path = Compare;
			sourceTree = "<group>";
		};
/* End PBXGroup section */

/* Begin PBXHeadersBuildPhase section */
		40357ADC1FB887670083561A /* Headers */ = {
			isa = PBXHeadersBuildPhase;
			buildActionMask = 2147483647;
			files = (
			);
			runOnlyForDeploymentPostprocessing = 0;
		};
		40840EEF200667A30031752D /* Headers */ = {
			isa = PBXHeadersBuildPhase;
			buildActionMask = 2147483647;
			files = (
			);
			runOnlyForDeploymentPostprocessing = 0;
		};
/* End PBXHeadersBuildPhase section */

/* Begin PBXNativeTarget section */
		40357ADE1FB887670083561A /* BigInteger */ = {
			isa = PBXNativeTarget;
			buildConfigurationList = 40357AF31FB887680083561A /* Build configuration list for PBXNativeTarget "BigInteger" */;
			buildPhases = (
				40357ADA1FB887670083561A /* Sources */,
				40357ADB1FB887670083561A /* Frameworks */,
				40357ADC1FB887670083561A /* Headers */,
				40357ADD1FB887670083561A /* Resources */,
			);
			buildRules = (
			);
			dependencies = (
			);
			name = BigInteger;
			productName = BigInteger;
			productReference = 40357ADF1FB887670083561A /* BigInteger.framework */;
			productType = "com.apple.product-type.framework";
		};
		40357AE71FB887680083561A /* BigIntegerTests */ = {
			isa = PBXNativeTarget;
			buildConfigurationList = 40357AF61FB887680083561A /* Build configuration list for PBXNativeTarget "BigIntegerTests" */;
			buildPhases = (
				40357AE41FB887680083561A /* Sources */,
				40357AE51FB887680083561A /* Frameworks */,
				40357AE61FB887680083561A /* Resources */,
			);
			buildRules = (
			);
			dependencies = (
				40357AEB1FB887680083561A /* PBXTargetDependency */,
			);
			name = BigIntegerTests;
			productName = BigIntegerTests;
			productReference = 40357AE81FB887680083561A /* BigIntegerTests.xctest */;
			productType = "com.apple.product-type.bundle.unit-test";
		};
		40840EF1200667A30031752D /* BigIntegerMac */ = {
			isa = PBXNativeTarget;
			buildConfigurationList = 40840F03200667A30031752D /* Build configuration list for PBXNativeTarget "BigIntegerMac" */;
			buildPhases = (
				40840EED200667A30031752D /* Sources */,
				40840EEE200667A30031752D /* Frameworks */,
				40840EEF200667A30031752D /* Headers */,
				40840EF0200667A30031752D /* Resources */,
			);
			buildRules = (
			);
			dependencies = (
			);
			name = BigIntegerMac;
			productName = BigIntegerMac;
			productReference = 40840EF2200667A30031752D /* BigInteger.framework */;
			productType = "com.apple.product-type.framework";
		};
		40840EF9200667A30031752D /* BigIntegerMacTests */ = {
			isa = PBXNativeTarget;
			buildConfigurationList = 40840F06200667A30031752D /* Build configuration list for PBXNativeTarget "BigIntegerMacTests" */;
			buildPhases = (
				40840EF6200667A30031752D /* Sources */,
				40840EF7200667A30031752D /* Frameworks */,
				40840EF8200667A30031752D /* Resources */,
			);
			buildRules = (
			);
			dependencies = (
				40840EFD200667A30031752D /* PBXTargetDependency */,
			);
			name = BigIntegerMacTests;
			productName = BigIntegerMacTests;
			productReference = 40840EFA200667A30031752D /* BigIntegerMacTests.xctest */;
			productType = "com.apple.product-type.bundle.unit-test";
		};
/* End PBXNativeTarget section */

/* Begin PBXProject section */
		40357AD61FB887670083561A /* Project object */ = {
			isa = PBXProject;
			attributes = {
				LastSwiftUpdateCheck = 0920;
				LastUpgradeCheck = 0920;
				ORGANIZATIONNAME = "Vladimir Abramichev";
				TargetAttributes = {
					40357ADE1FB887670083561A = {
						CreatedOnToolsVersion = 9.1;
						LastSwiftMigration = 0910;
						ProvisioningStyle = Manual;
					};
					40357AE71FB887680083561A = {
						CreatedOnToolsVersion = 9.1;
						ProvisioningStyle = Manual;
					};
					40840EF1200667A30031752D = {
						CreatedOnToolsVersion = 9.2;
						ProvisioningStyle = Manual;
					};
					40840EF9200667A30031752D = {
						CreatedOnToolsVersion = 9.2;
						ProvisioningStyle = Manual;
					};
				};
			};
			buildConfigurationList = 40357AD91FB887670083561A /* Build configuration list for PBXProject "BigInteger" */;
			compatibilityVersion = "Xcode 8.0";
			developmentRegion = en;
			hasScannedForEncodings = 0;
			knownRegions = (
				en,
			);
			mainGroup = 40357AD51FB887670083561A;
			productRefGroup = 40357AE01FB887670083561A /* Products */;
			projectDirPath = "";
			projectRoot = "";
			targets = (
				40357ADE1FB887670083561A /* BigInteger */,
				40357AE71FB887680083561A /* BigIntegerTests */,
				40840EF1200667A30031752D /* BigIntegerMac */,
				40840EF9200667A30031752D /* BigIntegerMacTests */,
			);
		};
/* End PBXProject section */

/* Begin PBXResourcesBuildPhase section */
		40357ADD1FB887670083561A /* Resources */ = {
			isa = PBXResourcesBuildPhase;
			buildActionMask = 2147483647;
			files = (
			);
			runOnlyForDeploymentPostprocessing = 0;
		};
		40357AE61FB887680083561A /* Resources */ = {
			isa = PBXResourcesBuildPhase;
			buildActionMask = 2147483647;
			files = (
			);
			runOnlyForDeploymentPostprocessing = 0;
		};
		40840EF0200667A30031752D /* Resources */ = {
			isa = PBXResourcesBuildPhase;
			buildActionMask = 2147483647;
			files = (
			);
			runOnlyForDeploymentPostprocessing = 0;
		};
		40840EF8200667A30031752D /* Resources */ = {
			isa = PBXResourcesBuildPhase;
			buildActionMask = 2147483647;
			files = (
			);
			runOnlyForDeploymentPostprocessing = 0;
		};
/* End PBXResourcesBuildPhase section */

/* Begin PBXSourcesBuildPhase section */
		40357ADA1FB887670083561A /* Sources */ = {
			isa = PBXSourcesBuildPhase;
			buildActionMask = 2147483647;
			files = (
				40491CD61FC4E22500BB8087 /* BigInteger+Addition.swift in Sources */,
				40491CD21FC4CCCC00BB8087 /* StringExtensions.swift in Sources */,
				40491CD81FC4E23500BB8087 /* BigInteger+Subtraction.swift in Sources */,
				40357AFF1FB88B400083561A /* BigInteger+Equatable.swift in Sources */,
				409411EA1FE98AF300CB1566 /* BigInteger+Reminder.swift in Sources */,
				4092A2591FE15F17001C0C71 /* BigInteger+Power.swift in Sources */,
				40DBDE771FCDED8100FE1594 /* BigInteger+ComparableInt.swift in Sources */,
				40DBDE811FCDFA1500FE1594 /* BigInteger+Hashable.swift in Sources */,
				40491CCD1FC4BECC00BB8087 /* ArrayExtensions.swift in Sources */,
				40DBDE7B1FCDEFBB00FE1594 /* BigInteger+EquatableInt.swift in Sources */,
				40357AFB1FB887D60083561A /* BigInteger.swift in Sources */,
				409073181FB9EAA900BFABE7 /* BinaryIntegerExtension.swift in Sources */,
				40DBDE7D1FCDEFF100FE1594 /* BigInteger+NotEquatableInt.swift in Sources */,
				4092A2A11FE7D003001C0C71 /* BigInteger+Ads.swift in Sources */,
				4092A2871FE2897E001C0C71 /* BigInteger+Division.swift in Sources */,
				40357B031FB88C660083561A /* BigInteger+Comparable.swift in Sources */,
				40357B0C1FB88E430083561A /* BigInteger+CustomStringConvertible.swift in Sources */,
				40491CDA1FC4E24A00BB8087 /* BigInteger+Multiplication.swift in Sources */,
				4092A2601FE16DA2001C0C71 /* Backbase+Negation.swift in Sources */,
			);
			runOnlyForDeploymentPostprocessing = 0;
		};
		40357AE41FB887680083561A /* Sources */ = {
			isa = PBXSourcesBuildPhase;
			buildActionMask = 2147483647;
			files = (
				409412051FEA675800CB1566 /* BigIntegerMathAbs.swift in Sources */,
				4090731F1FBC802E00BFABE7 /* BigIntegerAdditionTests.swift in Sources */,
				40357AEE1FB887680083561A /* BigIntegerInitTests.swift in Sources */,
				409411F41FE9CB2D00CB1566 /* BigIntegerReminderInt64Tests.swift in Sources */,
				4092A2941FE3146F001C0C71 /* BigIntegerAdditionBasicValuesTests.swift in Sources */,
				4090731B1FBC520C00BFABE7 /* ConvertersTests.swift in Sources */,
				4092A2981FE31924001C0C71 /* BigIntegerMulticlicationBasicValuesTests.swift in Sources */,
				40491CCF1FC4C2D800BB8087 /* ArrayExtensionTests.swift in Sources */,
				4092A26F1FE17A44001C0C71 /* BigIntegerMathNegationTests.swift in Sources */,
				40DBDE861FCDFD2500FE1594 /* BigIntegerSubtractionIntTests.swift in Sources */,
				40DBDE731FCDC50F00FE1594 /* BigIntegerCompareWithIntegerTypesTests.swift in Sources */,
				4092A2451FE02E1E001C0C71 /* BigIntegerMultiplicationIntTests.swift in Sources */,
				4092A2481FE02F05001C0C71 /* BigIntegerMultiplicationUIntTests.swift in Sources */,
				4092A2921FE3124D001C0C71 /* BigIntegerCompareBasicValuesTests.swift in Sources */,
				409073231FBC9B0C00BFABE7 /* BigIntegerCompareTests.swift in Sources */,
				4092A2A41FE93EE8001C0C71 /* StringEXtensionsTests.swift in Sources */,
				4092A2661FE17272001C0C71 /* BigIntegerAdditionUInt64Tests.swift in Sources */,
				4092A2751FE18738001C0C71 /* BigIntegerMultiplicationUInt64Tests.swift in Sources */,
				4092A2711FE17BAB001C0C71 /* BigIntegerHashableTest.swift in Sources */,
				4092A26B1FE1788A001C0C71 /* BigIntegerEquilityTests.swift in Sources */,
				409411F81FE9CB2D00CB1566 /* BigIntegerReminderUInt64Tests.swift in Sources */,
				4092A26D1FE17918001C0C71 /* BigIntegerEquillityWithIntegerTypesTests.swift in Sources */,
				4092A2831FE281AC001C0C71 /* BigIntegerDivisionIntTests.swift in Sources */,
				4092A2521FE15587001C0C71 /* BigIntegerSubtractionUIntTests.swift in Sources */,
				4092A2671FE17279001C0C71 /* BigIntegerAdditionInt64Tests.swift in Sources */,
				4090731D1FBC7FD600BFABE7 /* BigIntegerMultiplicationTests.swift in Sources */,
				4092A2821FE281A9001C0C71 /* BigIntegerDivisionTests.swift in Sources */,
				40DBDE711FCDC41D00FE1594 /* RealLifeTests.swift in Sources */,
				4092A29A1FE3197E001C0C71 /* BigIntegerDivisionBasicValuesTests.swift in Sources */,
				409411FC1FE9CB2D00CB1566 /* BigIntegerReminderIntTests.swift in Sources */,
				40DBDE841FCDFCFE00FE1594 /* BigIntegerSubtractionTests.swift in Sources */,
				4092A24D1FE0306D001C0C71 /* BigIntegerAdditionUIntTests.swift in Sources */,
				4092A2731FE186F7001C0C71 /* BigIntegerMultiplicationInt64Tests.swift in Sources */,
				4092A2961FE31755001C0C71 /* BigIntegerSubtractionBasicValuesTests.swift in Sources */,
				4092A25C1FE160CB001C0C71 /* BigIntegerMathPowerTests.swift in Sources */,
				4092A2571FE15E76001C0C71 /* BigIntegerSubtractionInt64Tests.swift in Sources */,
				4092A2811FE281A6001C0C71 /* BigIntegerDivisionUInt64Tests.swift in Sources */,
				4092A2851FE281B8001C0C71 /* BigIntegerDivisionUIntTests.swift in Sources */,
				4092A29C1FE31AA6001C0C71 /* BigIntegerBasicValuesDescriptionTests.swift in Sources */,
				4092A2541FE15DB1001C0C71 /* BigIntegerSubtractionUInt64Tests.swift in Sources */,
				4092A2841FE281AF001C0C71 /* BigIntegerDivisionInt64Tests.swift in Sources */,
				4092A24A1FE02F2E001C0C71 /* BigIntegerAdditionIntTests.swift in Sources */,
				4092A29E1FE330D3001C0C71 /* BigIntegerEquilityBasicValues.swift in Sources */,
				409411F61FE9CB2D00CB1566 /* BigIntegerReminderUIntTests.swift in Sources */,
				409411FE1FE9CB2D00CB1566 /* BigIntegerReminderBasicValuesTests.swift in Sources */,
				409411FA1FE9CB2D00CB1566 /* BigIntegerReminderTests.swift in Sources */,
			);
			runOnlyForDeploymentPostprocessing = 0;
		};
		40840EED200667A30031752D /* Sources */ = {
			isa = PBXSourcesBuildPhase;
			buildActionMask = 2147483647;
			files = (
				40840F1E200668060031752D /* Backbase+Negation.swift in Sources */,
				40840F14200667FB0031752D /* BigInteger+Subtraction.swift in Sources */,
				40840F12200667F50031752D /* StringExtensions.swift in Sources */,
				40840F0F200667EF0031752D /* BigInteger+Hashable.swift in Sources */,
				40840F1D200668060031752D /* BigInteger+Power.swift in Sources */,
				40840F17200667FB0031752D /* BigInteger+Reminder.swift in Sources */,
				40840F1A200668010031752D /* BigInteger+Equatable.swift in Sources */,
				40840F11200667F50031752D /* ArrayExtensions.swift in Sources */,
				40840F0D200667EF0031752D /* BigInteger.swift in Sources */,
				40840F19200668010031752D /* BigInteger+ComparableInt.swift in Sources */,
				40840F13200667FB0031752D /* BigInteger+Addition.swift in Sources */,
				40840F1B200668010031752D /* BigInteger+EquatableInt.swift in Sources */,
				40840F16200667FB0031752D /* BigInteger+Division.swift in Sources */,
				40840F1F200668060031752D /* BigInteger+Ads.swift in Sources */,
				40840F0E200667EF0031752D /* BigInteger+CustomStringConvertible.swift in Sources */,
				40840F1C200668010031752D /* BigInteger+NotEquatableInt.swift in Sources */,
				40840F10200667F50031752D /* BinaryIntegerExtension.swift in Sources */,
				40840F15200667FB0031752D /* BigInteger+Multiplication.swift in Sources */,
				40840F18200668010031752D /* BigInteger+Comparable.swift in Sources */,
			);
			runOnlyForDeploymentPostprocessing = 0;
		};
		40840EF6200667A30031752D /* Sources */ = {
			isa = PBXSourcesBuildPhase;
			buildActionMask = 2147483647;
			files = (
				40840F412006685B0031752D /* BigIntegerDivisionInt64Tests.swift in Sources */,
				40840F542006686C0031752D /* BigIntegerReminderUIntTests.swift in Sources */,
				40840F292006684B0031752D /* BigIntegerCompareTests.swift in Sources */,
				40840F432006685B0031752D /* BigIntegerDivisionUInt64Tests.swift in Sources */,
				40840F2D2006684F0031752D /* BigIntegerAdditionInt64Tests.swift in Sources */,
				40840F2A2006684B0031752D /* BigIntegerEquilityTests.swift in Sources */,
				40840F25200668470031752D /* BigIntegerMathNegationTests.swift in Sources */,
				40840F322006684F0031752D /* BigIntegerAdditionBasicValuesTests.swift in Sources */,
				40840F3A200668570031752D /* BigIntegerMultiplicationIntTests.swift in Sources */,
				40840F3E200668570031752D /* BigIntegerMulticlicationBasicValuesTests.swift in Sources */,
				40840F3C200668570031752D /* BigIntegerMultiplicationInt64Tests.swift in Sources */,
				40840F4B200668600031752D /* RealLifeTests.swift in Sources */,
				40840F34200668520031752D /* BigIntegerSubtractionIntTests.swift in Sources */,
				40840F4A200668600031752D /* BigIntegerInitTests.swift in Sources */,
				40840F3D200668570031752D /* BigIntegerMultiplicationUInt64Tests.swift in Sources */,
				40840F37200668520031752D /* BigIntegerSubtractionInt64Tests.swift in Sources */,
				40840F39200668570031752D /* BigIntegerMultiplicationTests.swift in Sources */,
				40840F4E200668640031752D /* StringEXtensionsTests.swift in Sources */,
				40840F2F2006684F0031752D /* BigIntegerAdditionTests.swift in Sources */,
				40840F4D200668640031752D /* ArrayExtensionTests.swift in Sources */,
				40840F512006686C0031752D /* BigIntegerReminderIntTests.swift in Sources */,
				40840F49200668600031752D /* BigIntegerHashableTest.swift in Sources */,
				40840F522006686C0031752D /* BigIntegerReminderTests.swift in Sources */,
				40840F3B200668570031752D /* BigIntegerMultiplicationUIntTests.swift in Sources */,
				40840F302006684F0031752D /* BigIntegerAdditionIntTests.swift in Sources */,
				40840F26200668470031752D /* BigIntegerMathAbs.swift in Sources */,
				40840F272006684B0031752D /* BigIntegerEquillityWithIntegerTypesTests.swift in Sources */,
				40840F2C2006684B0031752D /* BigIntegerEquilityBasicValues.swift in Sources */,
				40840F38200668520031752D /* BigIntegerSubtractionBasicValuesTests.swift in Sources */,
				40840F402006685B0031752D /* BigIntegerDivisionIntTests.swift in Sources */,
				40840F442006685B0031752D /* BigIntegerDivisionBasicValuesTests.swift in Sources */,
				40840F282006684B0031752D /* BigIntegerCompareWithIntegerTypesTests.swift in Sources */,
				40840F24200668470031752D /* BigIntegerMathPowerTests.swift in Sources */,
				40840F33200668520031752D /* BigIntegerSubtractionTests.swift in Sources */,
				40840F2B2006684B0031752D /* BigIntegerCompareBasicValuesTests.swift in Sources */,
				40840F3F2006685B0031752D /* BigIntegerDivisionTests.swift in Sources */,
				40840F36200668520031752D /* BigIntegerSubtractionUInt64Tests.swift in Sources */,
				40840F422006685B0031752D /* BigIntegerDivisionUIntTests.swift in Sources */,
				40840F502006686C0031752D /* BigIntegerReminderInt64Tests.swift in Sources */,
				40840F35200668520031752D /* BigIntegerSubtractionUIntTests.swift in Sources */,
				40840F2E2006684F0031752D /* BigIntegerAdditionUInt64Tests.swift in Sources */,
				40840F532006686C0031752D /* BigIntegerReminderUInt64Tests.swift in Sources */,
				40840F312006684F0031752D /* BigIntegerAdditionUIntTests.swift in Sources */,
				40840F4C200668640031752D /* ConvertersTests.swift in Sources */,
				40840F4F2006686C0031752D /* BigIntegerReminderBasicValuesTests.swift in Sources */,
				40840F48200668600031752D /* BigIntegerBasicValuesDescriptionTests.swift in Sources */,
			);
			runOnlyForDeploymentPostprocessing = 0;
		};
/* End PBXSourcesBuildPhase section */

/* Begin PBXTargetDependency section */
		40357AEB1FB887680083561A /* PBXTargetDependency */ = {
			isa = PBXTargetDependency;
			target = 40357ADE1FB887670083561A /* BigInteger */;
			targetProxy = 40357AEA1FB887680083561A /* PBXContainerItemProxy */;
		};
		40840EFD200667A30031752D /* PBXTargetDependency */ = {
			isa = PBXTargetDependency;
			target = 40840EF1200667A30031752D /* BigIntegerMac */;
			targetProxy = 40840EFC200667A30031752D /* PBXContainerItemProxy */;
		};
/* End PBXTargetDependency section */

/* Begin XCBuildConfiguration section */
		40357AF11FB887680083561A /* Debug */ = {
			isa = XCBuildConfiguration;
			buildSettings = {
				ALWAYS_SEARCH_USER_PATHS = NO;
				CLANG_ANALYZER_NONNULL = YES;
				CLANG_ANALYZER_NUMBER_OBJECT_CONVERSION = YES_AGGRESSIVE;
				CLANG_CXX_LANGUAGE_STANDARD = "gnu++14";
				CLANG_CXX_LIBRARY = "libc++";
				CLANG_ENABLE_MODULES = YES;
				CLANG_ENABLE_OBJC_ARC = YES;
				CLANG_WARN_BLOCK_CAPTURE_AUTORELEASING = YES;
				CLANG_WARN_BOOL_CONVERSION = YES;
				CLANG_WARN_COMMA = YES;
				CLANG_WARN_CONSTANT_CONVERSION = YES;
				CLANG_WARN_DIRECT_OBJC_ISA_USAGE = YES_ERROR;
				CLANG_WARN_DOCUMENTATION_COMMENTS = YES;
				CLANG_WARN_EMPTY_BODY = YES;
				CLANG_WARN_ENUM_CONVERSION = YES;
				CLANG_WARN_INFINITE_RECURSION = YES;
				CLANG_WARN_INT_CONVERSION = YES;
				CLANG_WARN_NON_LITERAL_NULL_CONVERSION = YES;
				CLANG_WARN_OBJC_LITERAL_CONVERSION = YES;
				CLANG_WARN_OBJC_ROOT_CLASS = YES_ERROR;
				CLANG_WARN_RANGE_LOOP_ANALYSIS = YES;
				CLANG_WARN_STRICT_PROTOTYPES = YES;
				CLANG_WARN_SUSPICIOUS_MOVE = YES;
				CLANG_WARN_UNGUARDED_AVAILABILITY = YES_AGGRESSIVE;
				CLANG_WARN_UNREACHABLE_CODE = YES;
				CLANG_WARN__DUPLICATE_METHOD_MATCH = YES;
				CODE_SIGN_IDENTITY = "";
				"CODE_SIGN_IDENTITY[sdk=iphoneos*]" = "iPhone Developer";
				"CODE_SIGN_IDENTITY[sdk=macosx*]" = "Mac Developer";
				COPY_PHASE_STRIP = NO;
				CURRENT_PROJECT_VERSION = 1;
				DEBUG_INFORMATION_FORMAT = dwarf;
				ENABLE_STRICT_OBJC_MSGSEND = YES;
				ENABLE_TESTABILITY = YES;
				GCC_C_LANGUAGE_STANDARD = gnu11;
				GCC_DYNAMIC_NO_PIC = NO;
				GCC_NO_COMMON_BLOCKS = YES;
				GCC_OPTIMIZATION_LEVEL = 0;
				GCC_PREPROCESSOR_DEFINITIONS = (
					"DEBUG=1",
					"$(inherited)",
				);
				GCC_WARN_64_TO_32_BIT_CONVERSION = YES;
				GCC_WARN_ABOUT_RETURN_TYPE = YES_ERROR;
				GCC_WARN_UNDECLARED_SELECTOR = YES;
				GCC_WARN_UNINITIALIZED_AUTOS = YES_AGGRESSIVE;
				GCC_WARN_UNUSED_FUNCTION = YES;
				GCC_WARN_UNUSED_VARIABLE = YES;
				IPHONEOS_DEPLOYMENT_TARGET = 11.1;
				MTL_ENABLE_DEBUG_INFO = YES;
				ONLY_ACTIVE_ARCH = YES;
				SDKROOT = macosx;
				SWIFT_ACTIVE_COMPILATION_CONDITIONS = DEBUG;
				SWIFT_OPTIMIZATION_LEVEL = "-Onone";
				VERSIONING_SYSTEM = "apple-generic";
				VERSION_INFO_PREFIX = "";
			};
			name = Debug;
		};
		40357AF21FB887680083561A /* Release */ = {
			isa = XCBuildConfiguration;
			buildSettings = {
				ALWAYS_SEARCH_USER_PATHS = NO;
				CLANG_ANALYZER_NONNULL = YES;
				CLANG_ANALYZER_NUMBER_OBJECT_CONVERSION = YES_AGGRESSIVE;
				CLANG_CXX_LANGUAGE_STANDARD = "gnu++14";
				CLANG_CXX_LIBRARY = "libc++";
				CLANG_ENABLE_MODULES = YES;
				CLANG_ENABLE_OBJC_ARC = YES;
				CLANG_WARN_BLOCK_CAPTURE_AUTORELEASING = YES;
				CLANG_WARN_BOOL_CONVERSION = YES;
				CLANG_WARN_COMMA = YES;
				CLANG_WARN_CONSTANT_CONVERSION = YES;
				CLANG_WARN_DIRECT_OBJC_ISA_USAGE = YES_ERROR;
				CLANG_WARN_DOCUMENTATION_COMMENTS = YES;
				CLANG_WARN_EMPTY_BODY = YES;
				CLANG_WARN_ENUM_CONVERSION = YES;
				CLANG_WARN_INFINITE_RECURSION = YES;
				CLANG_WARN_INT_CONVERSION = YES;
				CLANG_WARN_NON_LITERAL_NULL_CONVERSION = YES;
				CLANG_WARN_OBJC_LITERAL_CONVERSION = YES;
				CLANG_WARN_OBJC_ROOT_CLASS = YES_ERROR;
				CLANG_WARN_RANGE_LOOP_ANALYSIS = YES;
				CLANG_WARN_STRICT_PROTOTYPES = YES;
				CLANG_WARN_SUSPICIOUS_MOVE = YES;
				CLANG_WARN_UNGUARDED_AVAILABILITY = YES_AGGRESSIVE;
				CLANG_WARN_UNREACHABLE_CODE = YES;
				CLANG_WARN__DUPLICATE_METHOD_MATCH = YES;
				CODE_SIGN_IDENTITY = "";
				"CODE_SIGN_IDENTITY[sdk=iphoneos*]" = "iPhone Developer";
				"CODE_SIGN_IDENTITY[sdk=macosx*]" = "Mac Developer";
				COPY_PHASE_STRIP = NO;
				CURRENT_PROJECT_VERSION = 1;
				DEBUG_INFORMATION_FORMAT = "dwarf-with-dsym";
				ENABLE_NS_ASSERTIONS = NO;
				ENABLE_STRICT_OBJC_MSGSEND = YES;
				GCC_C_LANGUAGE_STANDARD = gnu11;
				GCC_NO_COMMON_BLOCKS = YES;
				GCC_WARN_64_TO_32_BIT_CONVERSION = YES;
				GCC_WARN_ABOUT_RETURN_TYPE = YES_ERROR;
				GCC_WARN_UNDECLARED_SELECTOR = YES;
				GCC_WARN_UNINITIALIZED_AUTOS = YES_AGGRESSIVE;
				GCC_WARN_UNUSED_FUNCTION = YES;
				GCC_WARN_UNUSED_VARIABLE = YES;
				IPHONEOS_DEPLOYMENT_TARGET = 11.1;
				MTL_ENABLE_DEBUG_INFO = NO;
				SDKROOT = macosx;
				SWIFT_OPTIMIZATION_LEVEL = "-Owholemodule";
				VALIDATE_PRODUCT = YES;
				VERSIONING_SYSTEM = "apple-generic";
				VERSION_INFO_PREFIX = "";
			};
			name = Release;
		};
		40357AF41FB887680083561A /* Debug */ = {
			isa = XCBuildConfiguration;
			buildSettings = {
				CLANG_ENABLE_MODULES = YES;
				CODE_SIGN_IDENTITY = "iPhone Developer";
				"CODE_SIGN_IDENTITY[sdk=iphoneos*]" = "iPhone Developer";
				CODE_SIGN_STYLE = Manual;
				DEFINES_MODULE = YES;
				DEVELOPMENT_TEAM = "";
				DYLIB_COMPATIBILITY_VERSION = 1;
				DYLIB_CURRENT_VERSION = 1;
				DYLIB_INSTALL_NAME_BASE = "@rpath";
				INFOPLIST_FILE = "$(SRCROOT)/Source/Info.plist";
				INSTALL_PATH = "$(LOCAL_LIBRARY_DIR)/Frameworks";
				LD_RUNPATH_SEARCH_PATHS = "$(inherited) @executable_path/Frameworks @loader_path/Frameworks";
				PRODUCT_BUNDLE_IDENTIFIER = com.descorp.pods.BigInteger;
				PRODUCT_NAME = "$(TARGET_NAME:c99extidentifier)";
				PROVISIONING_PROFILE_SPECIFIER = "";
				SKIP_INSTALL = YES;
				SWIFT_OPTIMIZATION_LEVEL = "-Onone";
				SWIFT_VERSION = 4.0;
				TARGETED_DEVICE_FAMILY = "1,2";
			};
			name = Debug;
		};
		40357AF51FB887680083561A /* Release */ = {
			isa = XCBuildConfiguration;
			buildSettings = {
				CLANG_ENABLE_MODULES = YES;
				CODE_SIGN_IDENTITY = "iPhone Developer";
				"CODE_SIGN_IDENTITY[sdk=iphoneos*]" = "iPhone Developer";
				CODE_SIGN_STYLE = Manual;
				DEFINES_MODULE = YES;
				DEVELOPMENT_TEAM = "";
				DYLIB_COMPATIBILITY_VERSION = 1;
				DYLIB_CURRENT_VERSION = 1;
				DYLIB_INSTALL_NAME_BASE = "@rpath";
				INFOPLIST_FILE = "$(SRCROOT)/Source/Info.plist";
				INSTALL_PATH = "$(LOCAL_LIBRARY_DIR)/Frameworks";
				LD_RUNPATH_SEARCH_PATHS = "$(inherited) @executable_path/Frameworks @loader_path/Frameworks";
				PRODUCT_BUNDLE_IDENTIFIER = com.descorp.pods.BigInteger;
				PRODUCT_NAME = "$(TARGET_NAME:c99extidentifier)";
				PROVISIONING_PROFILE_SPECIFIER = "";
				SKIP_INSTALL = YES;
				SWIFT_VERSION = 4.0;
				TARGETED_DEVICE_FAMILY = "1,2";
			};
			name = Release;
		};
		40357AF71FB887680083561A /* Debug */ = {
			isa = XCBuildConfiguration;
			buildSettings = {
				ALWAYS_EMBED_SWIFT_STANDARD_LIBRARIES = YES;
				CODE_SIGN_IDENTITY = "iPhone Developer";
				"CODE_SIGN_IDENTITY[sdk=iphoneos*]" = "iPhone Developer";
				CODE_SIGN_STYLE = Manual;
				DEVELOPMENT_TEAM = "";
				INFOPLIST_FILE = Tests/Info.plist;
				LD_RUNPATH_SEARCH_PATHS = "$(inherited) @executable_path/Frameworks @loader_path/Frameworks";
				PRODUCT_BUNDLE_IDENTIFIER = com.descorp.pods.BigIntegerTests;
				PRODUCT_NAME = "$(TARGET_NAME)";
				PROVISIONING_PROFILE_SPECIFIER = "";
				SDKROOT = iphoneos;
				SWIFT_VERSION = 4.0;
				TARGETED_DEVICE_FAMILY = "1,2";
			};
			name = Debug;
		};
		40357AF81FB887680083561A /* Release */ = {
			isa = XCBuildConfiguration;
			buildSettings = {
				ALWAYS_EMBED_SWIFT_STANDARD_LIBRARIES = YES;
				CODE_SIGN_IDENTITY = "iPhone Developer";
				"CODE_SIGN_IDENTITY[sdk=iphoneos*]" = "iPhone Developer";
				CODE_SIGN_STYLE = Manual;
				DEVELOPMENT_TEAM = "";
				INFOPLIST_FILE = Tests/Info.plist;
				LD_RUNPATH_SEARCH_PATHS = "$(inherited) @executable_path/Frameworks @loader_path/Frameworks";
				PRODUCT_BUNDLE_IDENTIFIER = com.descorp.pods.BigIntegerTests;
				PRODUCT_NAME = "$(TARGET_NAME)";
				PROVISIONING_PROFILE_SPECIFIER = "";
				SDKROOT = iphoneos;
				SWIFT_VERSION = 4.0;
				TARGETED_DEVICE_FAMILY = "1,2";
			};
			name = Release;
		};
		40840F04200667A30031752D /* Debug */ = {
			isa = XCBuildConfiguration;
			buildSettings = {
				CODE_SIGN_IDENTITY = "Mac Developer";
				CODE_SIGN_STYLE = Manual;
				COMBINE_HIDPI_IMAGES = YES;
				DEFINES_MODULE = YES;
				DEVELOPMENT_TEAM = "";
				DYLIB_COMPATIBILITY_VERSION = 1;
				DYLIB_CURRENT_VERSION = 1;
				DYLIB_INSTALL_NAME_BASE = "@rpath";
				FRAMEWORK_VERSION = A;
				INFOPLIST_FILE = "$(SRCROOT)/Source/Info.plist";
				INSTALL_PATH = "$(LOCAL_LIBRARY_DIR)/Frameworks";
				LD_RUNPATH_SEARCH_PATHS = "$(inherited) @executable_path/../Frameworks @loader_path/Frameworks";
				MACOSX_DEPLOYMENT_TARGET = 10.13;
				PRODUCT_BUNDLE_IDENTIFIER = com.descorp.pods.BigIntegerMac;
				PRODUCT_NAME = BigInteger;
				PROVISIONING_PROFILE_SPECIFIER = "";
				SDKROOT = macosx;
				SKIP_INSTALL = YES;
				SWIFT_VERSION = 4.0;
			};
			name = Debug;
		};
		40840F05200667A30031752D /* Release */ = {
			isa = XCBuildConfiguration;
			buildSettings = {
				CODE_SIGN_IDENTITY = "Mac Developer";
				CODE_SIGN_STYLE = Manual;
				COMBINE_HIDPI_IMAGES = YES;
				DEFINES_MODULE = YES;
				DEVELOPMENT_TEAM = "";
				DYLIB_COMPATIBILITY_VERSION = 1;
				DYLIB_CURRENT_VERSION = 1;
				DYLIB_INSTALL_NAME_BASE = "@rpath";
				FRAMEWORK_VERSION = A;
				INFOPLIST_FILE = "$(SRCROOT)/Source/Info.plist";
				INSTALL_PATH = "$(LOCAL_LIBRARY_DIR)/Frameworks";
				LD_RUNPATH_SEARCH_PATHS = "$(inherited) @executable_path/../Frameworks @loader_path/Frameworks";
				MACOSX_DEPLOYMENT_TARGET = 10.13;
				PRODUCT_BUNDLE_IDENTIFIER = com.descorp.pods.BigIntegerMac;
				PRODUCT_NAME = BigInteger;
				PROVISIONING_PROFILE_SPECIFIER = "";
				SDKROOT = macosx;
				SKIP_INSTALL = YES;
				SWIFT_VERSION = 4.0;
			};
			name = Release;
		};
		40840F07200667A30031752D /* Debug */ = {
			isa = XCBuildConfiguration;
			buildSettings = {
				ALWAYS_EMBED_SWIFT_STANDARD_LIBRARIES = YES;
				CODE_SIGN_IDENTITY = "Mac Developer";
				CODE_SIGN_STYLE = Manual;
				COMBINE_HIDPI_IMAGES = YES;
				DEVELOPMENT_TEAM = R596F9CQZ5;
				INFOPLIST_FILE = Tests/Info.plist;
				LD_RUNPATH_SEARCH_PATHS = "$(inherited) @executable_path/../Frameworks @loader_path/../Frameworks";
				MACOSX_DEPLOYMENT_TARGET = 10.13;
				PRODUCT_BUNDLE_IDENTIFIER = com.descorp.pods.BigIntegerMacTests;
				PRODUCT_NAME = "$(TARGET_NAME)";
				PROVISIONING_PROFILE_SPECIFIER = "";
				SDKROOT = macosx;
				SWIFT_VERSION = 4.0;
			};
			name = Debug;
		};
		40840F08200667A30031752D /* Release */ = {
			isa = XCBuildConfiguration;
			buildSettings = {
				ALWAYS_EMBED_SWIFT_STANDARD_LIBRARIES = YES;
				CODE_SIGN_IDENTITY = "Mac Developer";
				CODE_SIGN_STYLE = Manual;
				COMBINE_HIDPI_IMAGES = YES;
				DEVELOPMENT_TEAM = R596F9CQZ5;
				INFOPLIST_FILE = Tests/Info.plist;
				LD_RUNPATH_SEARCH_PATHS = "$(inherited) @executable_path/../Frameworks @loader_path/../Frameworks";
				MACOSX_DEPLOYMENT_TARGET = 10.13;
				PRODUCT_BUNDLE_IDENTIFIER = com.descorp.pods.BigIntegerMacTests;
				PRODUCT_NAME = "$(TARGET_NAME)";
				PROVISIONING_PROFILE_SPECIFIER = "";
				SDKROOT = macosx;
				SWIFT_VERSION = 4.0;
			};
			name = Release;
		};
/* End XCBuildConfiguration section */

/* Begin XCConfigurationList section */
		40357AD91FB887670083561A /* Build configuration list for PBXProject "BigInteger" */ = {
			isa = XCConfigurationList;
			buildConfigurations = (
				40357AF11FB887680083561A /* Debug */,
				40357AF21FB887680083561A /* Release */,
			);
			defaultConfigurationIsVisible = 0;
			defaultConfigurationName = Release;
		};
		40357AF31FB887680083561A /* Build configuration list for PBXNativeTarget "BigInteger" */ = {
			isa = XCConfigurationList;
			buildConfigurations = (
				40357AF41FB887680083561A /* Debug */,
				40357AF51FB887680083561A /* Release */,
			);
			defaultConfigurationIsVisible = 0;
			defaultConfigurationName = Release;
		};
		40357AF61FB887680083561A /* Build configuration list for PBXNativeTarget "BigIntegerTests" */ = {
			isa = XCConfigurationList;
			buildConfigurations = (
				40357AF71FB887680083561A /* Debug */,
				40357AF81FB887680083561A /* Release */,
			);
			defaultConfigurationIsVisible = 0;
			defaultConfigurationName = Release;
		};
		40840F03200667A30031752D /* Build configuration list for PBXNativeTarget "BigIntegerMac" */ = {
			isa = XCConfigurationList;
			buildConfigurations = (
				40840F04200667A30031752D /* Debug */,
				40840F05200667A30031752D /* Release */,
			);
			defaultConfigurationIsVisible = 0;
			defaultConfigurationName = Release;
		};
		40840F06200667A30031752D /* Build configuration list for PBXNativeTarget "BigIntegerMacTests" */ = {
			isa = XCConfigurationList;
			buildConfigurations = (
				40840F07200667A30031752D /* Debug */,
				40840F08200667A30031752D /* Release */,
			);
			defaultConfigurationIsVisible = 0;
			defaultConfigurationName = Release;
		};
/* End XCConfigurationList section */
	};
	rootObject = 40357AD61FB887670083561A /* Project object */;
}
